// !$*UTF8*$!
{
	archiveVersion = 1;
	classes = {
	};
	objectVersion = 50;
	objects = {

/* Begin PBXBuildFile section */
		163B8CCA24E2EA3F0026B2E3 /* AppDelegate.swift in Sources */ = {isa = PBXBuildFile; fileRef = 163B8CC924E2EA3F0026B2E3 /* AppDelegate.swift */; };
		163B8CCC24E2EA3F0026B2E3 /* SceneDelegate.swift in Sources */ = {isa = PBXBuildFile; fileRef = 163B8CCB24E2EA3F0026B2E3 /* SceneDelegate.swift */; };
		163B8CCE24E2EA3F0026B2E3 /* ViewController.swift in Sources */ = {isa = PBXBuildFile; fileRef = 163B8CCD24E2EA3F0026B2E3 /* ViewController.swift */; };
		163B8CD124E2EA3F0026B2E3 /* Main.storyboard in Resources */ = {isa = PBXBuildFile; fileRef = 163B8CCF24E2EA3F0026B2E3 /* Main.storyboard */; };
		163B8CD324E2EA410026B2E3 /* Assets.xcassets in Resources */ = {isa = PBXBuildFile; fileRef = 163B8CD224E2EA410026B2E3 /* Assets.xcassets */; };
		163B8CD624E2EA410026B2E3 /* LaunchScreen.storyboard in Resources */ = {isa = PBXBuildFile; fileRef = 163B8CD424E2EA410026B2E3 /* LaunchScreen.storyboard */; };
		163B8CDE24E2EA540026B2E3 /* PhotoManager.swift in Sources */ = {isa = PBXBuildFile; fileRef = 163B8CDD24E2EA540026B2E3 /* PhotoManager.swift */; };
		163B8CE224E2EA9D0026B2E3 /* PhotoManagerDelegate.swift in Sources */ = {isa = PBXBuildFile; fileRef = 163B8CE124E2EA9D0026B2E3 /* PhotoManagerDelegate.swift */; };
		163B8CE424E2EC640026B2E3 /* PhotoData.swift in Sources */ = {isa = PBXBuildFile; fileRef = 163B8CE324E2EC640026B2E3 /* PhotoData.swift */; };
		163B8CE724E3A3BA0026B2E3 /* PhotoCollectionViewCell.swift in Sources */ = {isa = PBXBuildFile; fileRef = 163B8CE524E3A3BA0026B2E3 /* PhotoCollectionViewCell.swift */; };
		163B8CE824E3A3BA0026B2E3 /* PhotoCollectionViewCell.xib in Resources */ = {isa = PBXBuildFile; fileRef = 163B8CE624E3A3BA0026B2E3 /* PhotoCollectionViewCell.xib */; };
		163B8CEC24E3ED370026B2E3 /* CustomImageView.swift in Sources */ = {isa = PBXBuildFile; fileRef = 163B8CEB24E3ED370026B2E3 /* CustomImageView.swift */; };
/* End PBXBuildFile section */

/* Begin PBXFileReference section */
		163B8CC624E2EA3F0026B2E3 /* GetPhotos.app */ = {isa = PBXFileReference; explicitFileType = wrapper.application; includeInIndex = 0; path = GetPhotos.app; sourceTree = BUILT_PRODUCTS_DIR; };
		163B8CC924E2EA3F0026B2E3 /* AppDelegate.swift */ = {isa = PBXFileReference; lastKnownFileType = sourcecode.swift; path = AppDelegate.swift; sourceTree = "<group>"; };
		163B8CCB24E2EA3F0026B2E3 /* SceneDelegate.swift */ = {isa = PBXFileReference; lastKnownFileType = sourcecode.swift; path = SceneDelegate.swift; sourceTree = "<group>"; };
		163B8CCD24E2EA3F0026B2E3 /* ViewController.swift */ = {isa = PBXFileReference; lastKnownFileType = sourcecode.swift; path = ViewController.swift; sourceTree = "<group>"; };
		163B8CD024E2EA3F0026B2E3 /* Base */ = {isa = PBXFileReference; lastKnownFileType = file.storyboard; name = Base; path = Base.lproj/Main.storyboard; sourceTree = "<group>"; };
		163B8CD224E2EA410026B2E3 /* Assets.xcassets */ = {isa = PBXFileReference; lastKnownFileType = folder.assetcatalog; path = Assets.xcassets; sourceTree = "<group>"; };
		163B8CD524E2EA410026B2E3 /* Base */ = {isa = PBXFileReference; lastKnownFileType = file.storyboard; name = Base; path = Base.lproj/LaunchScreen.storyboard; sourceTree = "<group>"; };
		163B8CD724E2EA410026B2E3 /* Info.plist */ = {isa = PBXFileReference; lastKnownFileType = text.plist.xml; path = Info.plist; sourceTree = "<group>"; };
		163B8CDD24E2EA540026B2E3 /* PhotoManager.swift */ = {isa = PBXFileReference; lastKnownFileType = sourcecode.swift; path = PhotoManager.swift; sourceTree = "<group>"; };
		163B8CE124E2EA9D0026B2E3 /* PhotoManagerDelegate.swift */ = {isa = PBXFileReference; lastKnownFileType = sourcecode.swift; path = PhotoManagerDelegate.swift; sourceTree = "<group>"; };
		163B8CE324E2EC640026B2E3 /* PhotoData.swift */ = {isa = PBXFileReference; lastKnownFileType = sourcecode.swift; path = PhotoData.swift; sourceTree = "<group>"; };
		163B8CE524E3A3BA0026B2E3 /* PhotoCollectionViewCell.swift */ = {isa = PBXFileReference; lastKnownFileType = sourcecode.swift; path = PhotoCollectionViewCell.swift; sourceTree = "<group>"; };
		163B8CE624E3A3BA0026B2E3 /* PhotoCollectionViewCell.xib */ = {isa = PBXFileReference; lastKnownFileType = file.xib; path = PhotoCollectionViewCell.xib; sourceTree = "<group>"; };
		163B8CEB24E3ED370026B2E3 /* CustomImageView.swift */ = {isa = PBXFileReference; lastKnownFileType = sourcecode.swift; path = CustomImageView.swift; sourceTree = "<group>"; };
/* End PBXFileReference section */

/* Begin PBXFrameworksBuildPhase section */
		163B8CC324E2EA3F0026B2E3 /* Frameworks */ = {
			isa = PBXFrameworksBuildPhase;
			buildActionMask = 2147483647;
			files = (
			);
			runOnlyForDeploymentPostprocessing = 0;
		};
/* End PBXFrameworksBuildPhase section */

/* Begin PBXGroup section */
		163B8CBD24E2EA3F0026B2E3 = {
			isa = PBXGroup;
			children = (
				163B8CC824E2EA3F0026B2E3 /* GetPhotos */,
				163B8CC724E2EA3F0026B2E3 /* Products */,
			);
			sourceTree = "<group>";
		};
		163B8CC724E2EA3F0026B2E3 /* Products */ = {
			isa = PBXGroup;
			children = (
				163B8CC624E2EA3F0026B2E3 /* GetPhotos.app */,
			);
			name = Products;
			sourceTree = "<group>";
		};
		163B8CC824E2EA3F0026B2E3 /* GetPhotos */ = {
			isa = PBXGroup;
			children = (
				163B8CF024E3F50A0026B2E3 /* Controller */,
				163B8CED24E3F4920026B2E3 /* View */,
				163B8CEF24E3F4F10026B2E3 /* Protocols */,
				163B8CEE24E3F4B50026B2E3 /* Model */,
				163B8CD224E2EA410026B2E3 /* Assets.xcassets */,
				163B8CD424E2EA410026B2E3 /* LaunchScreen.storyboard */,
				163B8CD724E2EA410026B2E3 /* Info.plist */,
			);
			path = GetPhotos;
			sourceTree = "<group>";
		};
		163B8CED24E3F4920026B2E3 /* View */ = {
			isa = PBXGroup;
			children = (
				163B8CCF24E2EA3F0026B2E3 /* Main.storyboard */,
				163B8CE624E3A3BA0026B2E3 /* PhotoCollectionViewCell.xib */,
				163B8CEB24E3ED370026B2E3 /* CustomImageView.swift */,
				163B8CE524E3A3BA0026B2E3 /* PhotoCollectionViewCell.swift */,
			);
			path = View;
			sourceTree = "<group>";
		};
		163B8CEE24E3F4B50026B2E3 /* Model */ = {
			isa = PBXGroup;
			children = (
				163B8CDD24E2EA540026B2E3 /* PhotoManager.swift */,
				163B8CE324E2EC640026B2E3 /* PhotoData.swift */,
			);
			path = Model;
			sourceTree = "<group>";
		};
		163B8CEF24E3F4F10026B2E3 /* Protocols */ = {
			isa = PBXGroup;
			children = (
				163B8CC924E2EA3F0026B2E3 /* AppDelegate.swift */,
				163B8CCB24E2EA3F0026B2E3 /* SceneDelegate.swift */,
				163B8CE124E2EA9D0026B2E3 /* PhotoManagerDelegate.swift */,
			);
			path = Protocols;
			sourceTree = "<group>";
		};
		163B8CF024E3F50A0026B2E3 /* Controller */ = {
			isa = PBXGroup;
			children = (
				163B8CCD24E2EA3F0026B2E3 /* ViewController.swift */,
			);
			path = Controller;
			sourceTree = "<group>";
		};
/* End PBXGroup section */

/* Begin PBXNativeTarget section */
		163B8CC524E2EA3F0026B2E3 /* GetPhotos */ = {
			isa = PBXNativeTarget;
			buildConfigurationList = 163B8CDA24E2EA410026B2E3 /* Build configuration list for PBXNativeTarget "GetPhotos" */;
			buildPhases = (
				163B8CC224E2EA3F0026B2E3 /* Sources */,
				163B8CC324E2EA3F0026B2E3 /* Frameworks */,
				163B8CC424E2EA3F0026B2E3 /* Resources */,
			);
			buildRules = (
			);
			dependencies = (
			);
			name = GetPhotos;
			productName = GetPhotos;
			productReference = 163B8CC624E2EA3F0026B2E3 /* GetPhotos.app */;
			productType = "com.apple.product-type.application";
		};
/* End PBXNativeTarget section */

/* Begin PBXProject section */
		163B8CBE24E2EA3F0026B2E3 /* Project object */ = {
			isa = PBXProject;
			attributes = {
				LastSwiftUpdateCheck = 1130;
				LastUpgradeCheck = 1130;
				ORGANIZATIONNAME = "anshu vij";
				TargetAttributes = {
					163B8CC524E2EA3F0026B2E3 = {
						CreatedOnToolsVersion = 11.3;
					};
				};
			};
			buildConfigurationList = 163B8CC124E2EA3F0026B2E3 /* Build configuration list for PBXProject "GetPhotos" */;
			compatibilityVersion = "Xcode 9.3";
			developmentRegion = en;
			hasScannedForEncodings = 0;
			knownRegions = (
				en,
				Base,
			);
			mainGroup = 163B8CBD24E2EA3F0026B2E3;
			productRefGroup = 163B8CC724E2EA3F0026B2E3 /* Products */;
			projectDirPath = "";
			projectRoot = "";
			targets = (
				163B8CC524E2EA3F0026B2E3 /* GetPhotos */,
			);
		};
/* End PBXProject section */

/* Begin PBXResourcesBuildPhase section */
		163B8CC424E2EA3F0026B2E3 /* Resources */ = {
			isa = PBXResourcesBuildPhase;
			buildActionMask = 2147483647;
			files = (
				163B8CD624E2EA410026B2E3 /* LaunchScreen.storyboard in Resources */,
				163B8CE824E3A3BA0026B2E3 /* PhotoCollectionViewCell.xib in Resources */,
				163B8CD324E2EA410026B2E3 /* Assets.xcassets in Resources */,
				163B8CD124E2EA3F0026B2E3 /* Main.storyboard in Resources */,
			);
			runOnlyForDeploymentPostprocessing = 0;
		};
/* End PBXResourcesBuildPhase section */

/* Begin PBXSourcesBuildPhase section */
		163B8CC224E2EA3F0026B2E3 /* Sources */ = {
			isa = PBXSourcesBuildPhase;
			buildActionMask = 2147483647;
			files = (
				163B8CE724E3A3BA0026B2E3 /* PhotoCollectionViewCell.swift in Sources */,
				163B8CDE24E2EA540026B2E3 /* PhotoManager.swift in Sources */,
				163B8CCE24E2EA3F0026B2E3 /* ViewController.swift in Sources */,
				163B8CE424E2EC640026B2E3 /* PhotoData.swift in Sources */,
				163B8CE224E2EA9D0026B2E3 /* PhotoManagerDelegate.swift in Sources */,
				163B8CCA24E2EA3F0026B2E3 /* AppDelegate.swift in Sources */,
				163B8CCC24E2EA3F0026B2E3 /* SceneDelegate.swift in Sources */,
				163B8CEC24E3ED370026B2E3 /* CustomImageView.swift in Sources */,
			);
			runOnlyForDeploymentPostprocessing = 0;
		};
/* End PBXSourcesBuildPhase section */

/* Begin PBXVariantGroup section */
		163B8CCF24E2EA3F0026B2E3 /* Main.storyboard */ = {
			isa = PBXVariantGroup;
			children = (
				163B8CD024E2EA3F0026B2E3 /* Base */,
			);
			name = Main.storyboard;
			sourceTree = "<group>";
		};
		163B8CD424E2EA410026B2E3 /* LaunchScreen.storyboard */ = {
			isa = PBXVariantGroup;
			children = (
				163B8CD524E2EA410026B2E3 /* Base */,
			);
			name = LaunchScreen.storyboard;
			sourceTree = "<group>";
		};
/* End PBXVariantGroup section */

/* Begin XCBuildConfiguration section */
		163B8CD824E2EA410026B2E3 /* Debug */ = {
			isa = XCBuildConfiguration;
			buildSettings = {
				ALWAYS_SEARCH_USER_PATHS = NO;
				CLANG_ANALYZER_NONNULL = YES;
				CLANG_ANALYZER_NUMBER_OBJECT_CONVERSION = YES_AGGRESSIVE;
				CLANG_CXX_LANGUAGE_STANDARD = "gnu++14";
				CLANG_CXX_LIBRARY = "libc++";
				CLANG_ENABLE_MODULES = YES;
				CLANG_ENABLE_OBJC_ARC = YES;
				CLANG_ENABLE_OBJC_WEAK = YES;
				CLANG_WARN_BLOCK_CAPTURE_AUTORELEASING = YES;
				CLANG_WARN_BOOL_CONVERSION = YES;
				CLANG_WARN_COMMA = YES;
				CLANG_WARN_CONSTANT_CONVERSION = YES;
				CLANG_WARN_DEPRECATED_OBJC_IMPLEMENTATIONS = YES;
				CLANG_WARN_DIRECT_OBJC_ISA_USAGE = YES_ERROR;
				CLANG_WARN_DOCUMENTATION_COMMENTS = YES;
				CLANG_WARN_EMPTY_BODY = YES;
				CLANG_WARN_ENUM_CONVERSION = YES;
				CLANG_WARN_INFINITE_RECURSION = YES;
				CLANG_WARN_INT_CONVERSION = YES;
				CLANG_WARN_NON_LITERAL_NULL_CONVERSION = YES;
				CLANG_WARN_OBJC_IMPLICIT_RETAIN_SELF = YES;
				CLANG_WARN_OBJC_LITERAL_CONVERSION = YES;
				CLANG_WARN_OBJC_ROOT_CLASS = YES_ERROR;
				CLANG_WARN_RANGE_LOOP_ANALYSIS = YES;
				CLANG_WARN_STRICT_PROTOTYPES = YES;
				CLANG_WARN_SUSPICIOUS_MOVE = YES;
				CLANG_WARN_UNGUARDED_AVAILABILITY = YES_AGGRESSIVE;
				CLANG_WARN_UNREACHABLE_CODE = YES;
				CLANG_WARN__DUPLICATE_METHOD_MATCH = YES;
				COPY_PHASE_STRIP = NO;
				DEBUG_INFORMATION_FORMAT = dwarf;
				ENABLE_STRICT_OBJC_MSGSEND = YES;
				ENABLE_TESTABILITY = YES;
				GCC_C_LANGUAGE_STANDARD = gnu11;
				GCC_DYNAMIC_NO_PIC = NO;
				GCC_NO_COMMON_BLOCKS = YES;
				GCC_OPTIMIZATION_LEVEL = 0;
				GCC_PREPROCESSOR_DEFINITIONS = (
					"DEBUG=1",
					"$(inherited)",
				);
				GCC_WARN_64_TO_32_BIT_CONVERSION = YES;
				GCC_WARN_ABOUT_RETURN_TYPE = YES_ERROR;
				GCC_WARN_UNDECLARED_SELECTOR = YES;
				GCC_WARN_UNINITIALIZED_AUTOS = YES_AGGRESSIVE;
				GCC_WARN_UNUSED_FUNCTION = YES;
				GCC_WARN_UNUSED_VARIABLE = YES;
				IPHONEOS_DEPLOYMENT_TARGET = 13.2;
				MTL_ENABLE_DEBUG_INFO = INCLUDE_SOURCE;
				MTL_FAST_MATH = YES;
				ONLY_ACTIVE_ARCH = YES;
				SDKROOT = iphoneos;
				SWIFT_ACTIVE_COMPILATION_CONDITIONS = DEBUG;
				SWIFT_OPTIMIZATION_LEVEL = "-Onone";
			};
			name = Debug;
		};
		163B8CD924E2EA410026B2E3 /* Release */ = {
			isa = XCBuildConfiguration;
			buildSettings = {
				ALWAYS_SEARCH_USER_PATHS = NO;
				CLANG_ANALYZER_NONNULL = YES;
				CLANG_ANALYZER_NUMBER_OBJECT_CONVERSION = YES_AGGRESSIVE;
				CLANG_CXX_LANGUAGE_STANDARD = "gnu++14";
				CLANG_CXX_LIBRARY = "libc++";
				CLANG_ENABLE_MODULES = YES;
				CLANG_ENABLE_OBJC_ARC = YES;
				CLANG_ENABLE_OBJC_WEAK = YES;
				CLANG_WARN_BLOCK_CAPTURE_AUTORELEASING = YES;
				CLANG_WARN_BOOL_CONVERSION = YES;
				CLANG_WARN_COMMA = YES;
				CLANG_WARN_CONSTANT_CONVERSION = YES;
				CLANG_WARN_DEPRECATED_OBJC_IMPLEMENTATIONS = YES;
				CLANG_WARN_DIRECT_OBJC_ISA_USAGE = YES_ERROR;
				CLANG_WARN_DOCUMENTATION_COMMENTS = YES;
				CLANG_WARN_EMPTY_BODY = YES;
				CLANG_WARN_ENUM_CONVERSION = YES;
				CLANG_WARN_INFINITE_RECURSION = YES;
				CLANG_WARN_INT_CONVERSION = YES;
				CLANG_WARN_NON_LITERAL_NULL_CONVERSION = YES;
				CLANG_WARN_OBJC_IMPLICIT_RETAIN_SELF = YES;
				CLANG_WARN_OBJC_LITERAL_CONVERSION = YES;
				CLANG_WARN_OBJC_ROOT_CLASS = YES_ERROR;
				CLANG_WARN_RANGE_LOOP_ANALYSIS = YES;
				CLANG_WARN_STRICT_PROTOTYPES = YES;
				CLANG_WARN_SUSPICIOUS_MOVE = YES;
				CLANG_WARN_UNGUARDED_AVAILABILITY = YES_AGGRESSIVE;
				CLANG_WARN_UNREACHABLE_CODE = YES;
				CLANG_WARN__DUPLICATE_METHOD_MATCH = YES;
				COPY_PHASE_STRIP = NO;
				DEBUG_INFORMATION_FORMAT = "dwarf-with-dsym";
				ENABLE_NS_ASSERTIONS = NO;
				ENABLE_STRICT_OBJC_MSGSEND = YES;
				GCC_C_LANGUAGE_STANDARD = gnu11;
				GCC_NO_COMMON_BLOCKS = YES;
				GCC_WARN_64_TO_32_BIT_CONVERSION = YES;
				GCC_WARN_ABOUT_RETURN_TYPE = YES_ERROR;
				GCC_WARN_UNDECLARED_SELECTOR = YES;
				GCC_WARN_UNINITIALIZED_AUTOS = YES_AGGRESSIVE;
				GCC_WARN_UNUSED_FUNCTION = YES;
				GCC_WARN_UNUSED_VARIABLE = YES;
				IPHONEOS_DEPLOYMENT_TARGET = 13.2;
				MTL_ENABLE_DEBUG_INFO = NO;
				MTL_FAST_MATH = YES;
				SDKROOT = iphoneos;
				SWIFT_COMPILATION_MODE = wholemodule;
				SWIFT_OPTIMIZATION_LEVEL = "-O";
				VALIDATE_PRODUCT = YES;
			};
			name = Release;
		};
		163B8CDB24E2EA410026B2E3 /* Debug */ = {
			isa = XCBuildConfiguration;
			buildSettings = {
				ASSETCATALOG_COMPILER_APPICON_NAME = AppIcon;
				CODE_SIGN_STYLE = Automatic;
				DEVELOPMENT_TEAM = NP7H2773Z2;
				INFOPLIST_FILE = GetPhotos/Info.plist;
				LD_RUNPATH_SEARCH_PATHS = (
					"$(inherited)",
					"@executable_path/Frameworks",
				);
				PRODUCT_BUNDLE_IDENTIFIER = com.anshuvij.GetPhotos;
				PRODUCT_NAME = "$(TARGET_NAME)";
				SWIFT_VERSION = 5.0;
				TARGETED_DEVICE_FAMILY = "1,2";
			};
			name = Debug;
		};
		163B8CDC24E2EA410026B2E3 /* Release */ = {
			isa = XCBuildConfiguration;
			buildSettings = {
				ASSETCATALOG_COMPILER_APPICON_NAME = AppIcon;
				CODE_SIGN_STYLE = Automatic;
				DEVELOPMENT_TEAM = NP7H2773Z2;
				INFOPLIST_FILE = GetPhotos/Info.plist;
				LD_RUNPATH_SEARCH_PATHS = (
					"$(inherited)",
					"@executable_path/Frameworks",
				);
				PRODUCT_BUNDLE_IDENTIFIER = com.anshuvij.GetPhotos;
				PRODUCT_NAME = "$(TARGET_NAME)";
				SWIFT_VERSION = 5.0;
				TARGETED_DEVICE_FAMILY = "1,2";
			};
			name = Release;
		};
/* End XCBuildConfiguration section */

/* Begin XCConfigurationList section */
		163B8CC124E2EA3F0026B2E3 /* Build configuration list for PBXProject "GetPhotos" */ = {
			isa = XCConfigurationList;
			buildConfigurations = (
				163B8CD824E2EA410026B2E3 /* Debug */,
				163B8CD924E2EA410026B2E3 /* Release */,
			);
			defaultConfigurationIsVisible = 0;
			defaultConfigurationName = Release;
		};
		163B8CDA24E2EA410026B2E3 /* Build configuration list for PBXNativeTarget "GetPhotos" */ = {
			isa = XCConfigurationList;
			buildConfigurations = (
				163B8CDB24E2EA410026B2E3 /* Debug */,
				163B8CDC24E2EA410026B2E3 /* Release */,
			);
			defaultConfigurationIsVisible = 0;
			defaultConfigurationName = Release;
		};
/* End XCConfigurationList section */
	};
	rootObject = 163B8CBE24E2EA3F0026B2E3 /* Project object */;
}
